{
  "nodes": {
    "nixpkgs": {
      "locked": {
        "lastModified": 1728573531,
        "narHash": "sha256-WYerSn61NRVGaWlJaprHWDU9rGgMJVXlYZ+kmHB/gC8=",
        "owner": "nixos",
        "repo": "nixpkgs",
        "rev": "1dfc201544fed6086383b4477d8d5c30055215c7",
        "type": "github"
      },
      "original": {
        "owner": "nixos",
        "ref": "release-24.05",
        "repo": "nixpkgs",
        "type": "github"
      }
    },
    "nixpkgs-stable": {
      "locked": {
        "lastModified": 1728156290,
        "narHash": "sha256-uogSvuAp+1BYtdu6UWuObjHqSbBohpyARXDWqgI12Ss=",
        "owner": "NixOS",
        "repo": "nixpkgs",
        "rev": "17ae88b569bb15590549ff478bab6494dde4a907",
        "type": "github"
      },
      "original": {
        "owner": "NixOS",
        "ref": "release-24.05",
        "repo": "nixpkgs",
        "type": "github"
      }
    },
    "root": {
      "inputs": {
        "nixpkgs": "nixpkgs",
        "schizophrenia-bot-assets": "schizophrenia-bot-assets",
        "sops-nix": "sops-nix"
      }
    },
    "schizophrenia-bot-assets": {
      "flake": false,
      "locked": {
        "lastModified": 1709466812,
        "narHash": "sha256-eMJvw3hQnJx4kU614Y+CfI/KbkNXnYLTpZaRDCKrHcg=",
        "owner": "chilipizdrick",
        "repo": "schizgophrenia-got-assets",
        "rev": "37bf30c185018365320d7f6dea6e24f82e0a1e70",
        "type": "github"
      },
      "original": {
        "owner": "chilipizdrick",
        "repo": "schizgophrenia-got-assets",
        "type": "github"
      }
    },
    "sops-nix": {
      "inputs": {
        "nixpkgs": [
          "nixpkgs"
        ],
        "nixpkgs-stable": "nixpkgs-stable"
      },
      "locked": {
        "lastModified": 1728345710,
        "narHash": "sha256-lpunY1+bf90ts+sA2/FgxVNIegPDKCpEoWwOPu4ITTQ=",
        "owner": "Mic92",
        "repo": "sops-nix",
        "rev": "06535d0e3d0201e6a8080dd32dbfde339b94f01b",
        "type": "github"
      },
      "original": {
        "owner": "Mic92",
        "repo": "sops-nix",
        "type": "github"
      }
    }
  },
  "root": "root",
  "version": 7
}
